
Microsoft Visual Studio Solution File, Format Version 12.00
# Visual Studio Version 17
VisualStudioVersion = 17.6.33815.320
MinimumVisualStudioVersion = 10.0.40219.1
Project("{FAE04EC0-301F-11D3-BF4B-00C04F79EFBC}") = "401lab06", "401lab06\401lab06.csproj", "{C2604BA7-926D-4AB5-90DF-DCBF76FDA628}"
EndProject
Project("{FAE04EC0-301F-11D3-BF4B-00C04F79EFBC}") = "lab06Test", "lab06Test\lab06Test.csproj", "{81552330-ECF7-459C-82BB-BFAD33304948}"
EndProject
Global
	GlobalSection(SolutionConfigurationPlatforms) = preSolution
		Debug|Any CPU = Debug|Any CPU
		Release|Any CPU = Release|Any CPU
	EndGlobalSection
	GlobalSection(ProjectConfigurationPlatforms) = postSolution
		{C2604BA7-926D-4AB5-90DF-DCBF76FDA628}.Debug|Any CPU.ActiveCfg = Debug|Any CPU
		{C2604BA7-926D-4AB5-90DF-DCBF76FDA628}.Debug|Any CPU.Build.0 = Debug|Any CPU
		{C2604BA7-926D-4AB5-90DF-DCBF76FDA628}.Release|Any CPU.ActiveCfg = Release|Any CPU
		{C2604BA7-926D-4AB5-90DF-DCBF76FDA628}.Release|Any CPU.Build.0 = Release|Any CPU
		{81552330-ECF7-459C-82BB-BFAD33304948}.Debug|Any CPU.ActiveCfg = Debug|Any CPU
		{81552330-ECF7-459C-82BB-BFAD33304948}.Debug|Any CPU.Build.0 = Debug|Any CPU
		{81552330-ECF7-459C-82BB-BFAD33304948}.Release|Any CPU.ActiveCfg = Release|Any CPU
		{81552330-ECF7-459C-82BB-BFAD33304948}.Release|Any CPU.Build.0 = Release|Any CPU
	EndGlobalSection
	GlobalSection(SolutionProperties) = preSolution
		HideSolutionNode = FALSE
	EndGlobalSection
	GlobalSection(ExtensibilityGlobals) = postSolution
		SolutionGuid = {9DE7FCBE-8A27-4C8E-A2A8-1E94AF24B9BF}
	EndGlobalSection
EndGlobal
